
Microsoft Visual Studio Solution File, Format Version 12.00
# Visual Studio Version 17
VisualStudioVersion = 17.9.34728.123
MinimumVisualStudioVersion = 10.0.40219.1
Project("{FAE04EC0-301F-11D3-BF4B-00C04F79EFBC}") = "csharp-biblioteca", "csharp-biblioteca.csproj", "{6602367F-1472-43F1-8E08-DF61D70C0732}"
EndProject
Global
	GlobalSection(SolutionConfigurationPlatforms) = preSolution
		Debug|Any CPU = Debug|Any CPU
		Release|Any CPU = Release|Any CPU
	EndGlobalSection
	GlobalSection(ProjectConfigurationPlatforms) = postSolution
		{6602367F-1472-43F1-8E08-DF61D70C0732}.Debug|Any CPU.ActiveCfg = Debug|Any CPU
		{6602367F-1472-43F1-8E08-DF61D70C0732}.Debug|Any CPU.Build.0 = Debug|Any CPU
		{6602367F-1472-43F1-8E08-DF61D70C0732}.Release|Any CPU.ActiveCfg = Release|Any CPU
		{6602367F-1472-43F1-8E08-DF61D70C0732}.Release|Any CPU.Build.0 = Release|Any CPU
	EndGlobalSection
	GlobalSection(SolutionProperties) = preSolution
		HideSolutionNode = FALSE
	EndGlobalSection
	GlobalSection(ExtensibilityGlobals) = postSolution
		SolutionGuid = {FA7C3361-36A8-4155-BC4C-D422EBEBE073}
	EndGlobalSection
EndGlobal
